github.com/kuche1/channelprofiler v0.0.0-20260113183159-fd92264e9a96 h1:rqDhNMxxZW6Oix44YCQfAy8M27QqVd5dxkiRPka3esc=
github.com/kuche1/channelprofiler v0.0.0-20260113183159-fd92264e9a96/go.mod h1:gczPIAXSEX7vUFkdDLRQjg45cXQVuScrkb/uj2PQVL0=
github.com/kuche1/channelprofiler v0.0.1 h1:Lw4VV3rlzdaGHAbK4DcPE5mW22zLnvkKXVbK+yq7Nzs=
github.com/kuche1/channelprofiler v0.0.1/go.mod h1:gczPIAXSEX7vUFkdDLRQjg45cXQVuScrkb/uj2PQVL0=
github.com/kuche1/channelprofiler v0.0.2-0.20260113185401-543833ca5040 h1:ZOAeqi065jfU9I5U6Tf90mJzE3z/pqz3Cyi4FvMpFRo=
github.com/kuche1/channelprofiler v0.0.2-0.20260113185401-543833ca5040/go.mod h1:gczPIAXSEX7vUFkdDLRQjg45cXQVuScrkb/uj2PQVL0=
github.com/kuche1/channelprofiler v0.0.2-0.20260113185557-3dbebdf1e8a0 h1:VrnQdZ8ABGszqnV1pIDFwqiqi4Hxj3IZWy6hTzypy4M=
github.com/kuche1/channelprofiler v0.0.2-0.20260113185557-3dbebdf1e8a0/go.mod h1:gczPIAXSEX7vUFkdDLRQjg45cXQVuScrkb/uj2PQVL0=
github.com/kuche1/channelprofiler v0.0.2-0.20260113190712-7215244f9c71 h1:jqS/lsSyjee9gx4bMTFgLWMWVAlVW5ZwNSCbeLKNtrA=
github.com/kuche1/channelprofiler v0.0.2-0.20260113190712-7215244f9c71/go.mod h1:gczPIAXSEX7vUFkdDLRQjg45cXQVuScrkb/uj2PQVL0=
github.com/kuche1/channelprofiler v0.0.2 h1:sOcD7VnTc94XkADfOhHS5CIAPjJL/k3oUPTBiZsAZkA=
github.com/kuche1/channelprofiler v0.0.2/go.mod h1:gczPIAXSEX7vUFkdDLRQjg45cXQVuScrkb/uj2PQVL0=
